// !$*UTF8*$!
{
	archiveVersion = 1;
	classes = {
	};
	objectVersion = 46;
	objects = {

/* Begin PBXBuildFile section */
		003064901FC21353004D16E9 /* prettyprint.c in Sources */ = {isa = PBXBuildFile; fileRef = 0030648F1FC21353004D16E9 /* prettyprint.c */; };
		003064921FC214A7004D16E9 /* num_range.c in Sources */ = {isa = PBXBuildFile; fileRef = 003064911FC214A7004D16E9 /* num_range.c */; };
		003064961FC215AB004D16E9 /* main.c in Sources */ = {isa = PBXBuildFile; fileRef = 003064941FC215AB004D16E9 /* main.c */; };
		003064981FC21BA7004D16E9 /* kth_smallest.c in Sources */ = {isa = PBXBuildFile; fileRef = 003064971FC21BA7004D16E9 /* kth_smallest.c */; };
/* End PBXBuildFile section */

/* Begin PBXCopyFilesBuildPhase section */
		003064811FC210E9004D16E9 /* CopyFiles */ = {
			isa = PBXCopyFilesBuildPhase;
			buildActionMask = 2147483647;
			dstPath = /usr/share/man/man1/;
			dstSubfolderSpec = 0;
			files = (
			);
			runOnlyForDeploymentPostprocessing = 1;
		};
/* End PBXCopyFilesBuildPhase section */

/* Begin PBXFileReference section */
		003064831FC210E9004D16E9 /* codepath_ib */ = {isa = PBXFileReference; explicitFileType = "compiled.mach-o.executable"; includeInIndex = 0; path = codepath_ib; sourceTree = BUILT_PRODUCTS_DIR; };
		0030648F1FC21353004D16E9 /* prettyprint.c */ = {isa = PBXFileReference; fileEncoding = 4; lastKnownFileType = sourcecode.c.c; path = prettyprint.c; sourceTree = "<group>"; };
		003064911FC214A7004D16E9 /* num_range.c */ = {isa = PBXFileReference; fileEncoding = 4; lastKnownFileType = sourcecode.c.c; path = num_range.c; sourceTree = "<group>"; };
		003064941FC215AB004D16E9 /* main.c */ = {isa = PBXFileReference; fileEncoding = 4; lastKnownFileType = sourcecode.c.c; path = main.c; sourceTree = "<group>"; };
		003064951FC215AB004D16E9 /* main.h */ = {isa = PBXFileReference; fileEncoding = 4; lastKnownFileType = sourcecode.c.h; path = main.h; sourceTree = "<group>"; };
		003064971FC21BA7004D16E9 /* kth_smallest.c */ = {isa = PBXFileReference; fileEncoding = 4; lastKnownFileType = sourcecode.c.c; path = kth_smallest.c; sourceTree = "<group>"; };
/* End PBXFileReference section */

/* Begin PBXFrameworksBuildPhase section */
		003064801FC210E9004D16E9 /* Frameworks */ = {
			isa = PBXFrameworksBuildPhase;
			buildActionMask = 2147483647;
			files = (
			);
			runOnlyForDeploymentPostprocessing = 0;
		};
/* End PBXFrameworksBuildPhase section */

/* Begin PBXGroup section */
		0030647A1FC210E9004D16E9 = {
			isa = PBXGroup;
			children = (
				003064851FC210E9004D16E9 /* codepath_ib */,
				003064841FC210E9004D16E9 /* Products */,
			);
			sourceTree = "<group>";
		};
		003064841FC210E9004D16E9 /* Products */ = {
			isa = PBXGroup;
			children = (
				003064831FC210E9004D16E9 /* codepath_ib */,
			);
			name = Products;
			sourceTree = "<group>";
		};
		003064851FC210E9004D16E9 /* codepath_ib */ = {
			isa = PBXGroup;
			children = (
				0030648F1FC21353004D16E9 /* prettyprint.c */,
				003064911FC214A7004D16E9 /* num_range.c */,
				003064941FC215AB004D16E9 /* main.c */,
				003064951FC215AB004D16E9 /* main.h */,
				003064971FC21BA7004D16E9 /* kth_smallest.c */,
			);
			path = codepath_ib;
			sourceTree = "<group>";
		};
/* End PBXGroup section */

/* Begin PBXNativeTarget section */
		003064821FC210E9004D16E9 /* codepath_ib */ = {
			isa = PBXNativeTarget;
			buildConfigurationList = 0030648A1FC210E9004D16E9 /* Build configuration list for PBXNativeTarget "codepath_ib" */;
			buildPhases = (
				0030647F1FC210E9004D16E9 /* Sources */,
				003064801FC210E9004D16E9 /* Frameworks */,
				003064811FC210E9004D16E9 /* CopyFiles */,
			);
			buildRules = (
			);
			dependencies = (
			);
			name = codepath_ib;
			productName = codepath_ib;
			productReference = 003064831FC210E9004D16E9 /* codepath_ib */;
			productType = "com.apple.product-type.tool";
		};
/* End PBXNativeTarget section */

/* Begin PBXProject section */
		0030647B1FC210E9004D16E9 /* Project object */ = {
			isa = PBXProject;
			attributes = {
				LastUpgradeCheck = 0730;
				ORGANIZATIONNAME = Deepak;
				TargetAttributes = {
					003064821FC210E9004D16E9 = {
						CreatedOnToolsVersion = 7.3.1;
					};
				};
			};
			buildConfigurationList = 0030647E1FC210E9004D16E9 /* Build configuration list for PBXProject "codepath_ib" */;
			compatibilityVersion = "Xcode 3.2";
			developmentRegion = English;
			hasScannedForEncodings = 0;
			knownRegions = (
				en,
			);
			mainGroup = 0030647A1FC210E9004D16E9;
			productRefGroup = 003064841FC210E9004D16E9 /* Products */;
			projectDirPath = "";
			projectRoot = "";
			targets = (
				003064821FC210E9004D16E9 /* codepath_ib */,
			);
		};
/* End PBXProject section */

/* Begin PBXSourcesBuildPhase section */
		0030647F1FC210E9004D16E9 /* Sources */ = {
			isa = PBXSourcesBuildPhase;
			buildActionMask = 2147483647;
			files = (
				003064921FC214A7004D16E9 /* num_range.c in Sources */,
				003064901FC21353004D16E9 /* prettyprint.c in Sources */,
				003064981FC21BA7004D16E9 /* kth_smallest.c in Sources */,
				003064961FC215AB004D16E9 /* main.c in Sources */,
			);
			runOnlyForDeploymentPostprocessing = 0;
		};
/* End PBXSourcesBuildPhase section */

/* Begin XCBuildConfiguration section */
		003064881FC210E9004D16E9 /* Debug */ = {
			isa = XCBuildConfiguration;
			buildSettings = {
				ALWAYS_SEARCH_USER_PATHS = NO;
				CLANG_ANALYZER_NONNULL = YES;
				CLANG_CXX_LANGUAGE_STANDARD = "gnu++0x";
				CLANG_CXX_LIBRARY = "libc++";
				CLANG_ENABLE_MODULES = YES;
				CLANG_ENABLE_OBJC_ARC = YES;
				CLANG_WARN_BOOL_CONVERSION = YES;
				CLANG_WARN_CONSTANT_CONVERSION = YES;
				CLANG_WARN_DIRECT_OBJC_ISA_USAGE = YES_ERROR;
				CLANG_WARN_EMPTY_BODY = YES;
				CLANG_WARN_ENUM_CONVERSION = YES;
				CLANG_WARN_INT_CONVERSION = YES;
				CLANG_WARN_OBJC_ROOT_CLASS = YES_ERROR;
				CLANG_WARN_UNREACHABLE_CODE = YES;
				CLANG_WARN__DUPLICATE_METHOD_MATCH = YES;
				CODE_SIGN_IDENTITY = "-";
				COPY_PHASE_STRIP = NO;
				DEBUG_INFORMATION_FORMAT = dwarf;
				ENABLE_STRICT_OBJC_MSGSEND = YES;
				ENABLE_TESTABILITY = YES;
				GCC_C_LANGUAGE_STANDARD = gnu99;
				GCC_DYNAMIC_NO_PIC = NO;
				GCC_NO_COMMON_BLOCKS = YES;
				GCC_OPTIMIZATION_LEVEL = 0;
				GCC_PREPROCESSOR_DEFINITIONS = (
					"DEBUG=1",
					"$(inherited)",
				);
				GCC_WARN_64_TO_32_BIT_CONVERSION = YES;
				GCC_WARN_ABOUT_RETURN_TYPE = YES_ERROR;
				GCC_WARN_UNDECLARED_SELECTOR = YES;
				GCC_WARN_UNINITIALIZED_AUTOS = YES_AGGRESSIVE;
				GCC_WARN_UNUSED_FUNCTION = YES;
				GCC_WARN_UNUSED_VARIABLE = YES;
				MACOSX_DEPLOYMENT_TARGET = 10.11;
				MTL_ENABLE_DEBUG_INFO = YES;
				ONLY_ACTIVE_ARCH = YES;
				SDKROOT = macosx;
			};
			name = Debug;
		};
		003064891FC210E9004D16E9 /* Release */ = {
			isa = XCBuildConfiguration;
			buildSettings = {
				ALWAYS_SEARCH_USER_PATHS = NO;
				CLANG_ANALYZER_NONNULL = YES;
				CLANG_CXX_LANGUAGE_STANDARD = "gnu++0x";
				CLANG_CXX_LIBRARY = "libc++";
				CLANG_ENABLE_MODULES = YES;
				CLANG_ENABLE_OBJC_ARC = YES;
				CLANG_WARN_BOOL_CONVERSION = YES;
				CLANG_WARN_CONSTANT_CONVERSION = YES;
				CLANG_WARN_DIRECT_OBJC_ISA_USAGE = YES_ERROR;
				CLANG_WARN_EMPTY_BODY = YES;
				CLANG_WARN_ENUM_CONVERSION = YES;
				CLANG_WARN_INT_CONVERSION = YES;
				CLANG_WARN_OBJC_ROOT_CLASS = YES_ERROR;
				CLANG_WARN_UNREACHABLE_CODE = YES;
				CLANG_WARN__DUPLICATE_METHOD_MATCH = YES;
				CODE_SIGN_IDENTITY = "-";
				COPY_PHASE_STRIP = NO;
				DEBUG_INFORMATION_FORMAT = "dwarf-with-dsym";
				ENABLE_NS_ASSERTIONS = NO;
				ENABLE_STRICT_OBJC_MSGSEND = YES;
				GCC_C_LANGUAGE_STANDARD = gnu99;
				GCC_NO_COMMON_BLOCKS = YES;
				GCC_WARN_64_TO_32_BIT_CONVERSION = YES;
				GCC_WARN_ABOUT_RETURN_TYPE = YES_ERROR;
				GCC_WARN_UNDECLARED_SELECTOR = YES;
				GCC_WARN_UNINITIALIZED_AUTOS = YES_AGGRESSIVE;
				GCC_WARN_UNUSED_FUNCTION = YES;
				GCC_WARN_UNUSED_VARIABLE = YES;
				MACOSX_DEPLOYMENT_TARGET = 10.11;
				MTL_ENABLE_DEBUG_INFO = NO;
				SDKROOT = macosx;
			};
			name = Release;
		};
		0030648B1FC210E9004D16E9 /* Debug */ = {
			isa = XCBuildConfiguration;
			buildSettings = {
				PRODUCT_NAME = "$(TARGET_NAME)";
			};
			name = Debug;
		};
		0030648C1FC210E9004D16E9 /* Release */ = {
			isa = XCBuildConfiguration;
			buildSettings = {
				PRODUCT_NAME = "$(TARGET_NAME)";
			};
			name = Release;
		};
/* End XCBuildConfiguration section */

/* Begin XCConfigurationList section */
		0030647E1FC210E9004D16E9 /* Build configuration list for PBXProject "codepath_ib" */ = {
			isa = XCConfigurationList;
			buildConfigurations = (
				003064881FC210E9004D16E9 /* Debug */,
				003064891FC210E9004D16E9 /* Release */,
			);
			defaultConfigurationIsVisible = 0;
			defaultConfigurationName = Release;
		};
		0030648A1FC210E9004D16E9 /* Build configuration list for PBXNativeTarget "codepath_ib" */ = {
			isa = XCConfigurationList;
			buildConfigurations = (
				0030648B1FC210E9004D16E9 /* Debug */,
				0030648C1FC210E9004D16E9 /* Release */,
			);
			defaultConfigurationIsVisible = 0;
			defaultConfigurationName = Release;
		};
/* End XCConfigurationList section */
	};
	rootObject = 0030647B1FC210E9004D16E9 /* Project object */;
}
